
Microsoft Visual Studio Solution File, Format Version 12.00
# Visual Studio 15
Project("{FAE04EC0-301F-11D3-BF4B-00C04F79EFBC}") = "questao01_Lista", "questao01_Lista\questao01_Lista.csproj", "{0E53F4AB-2583-409A-B1D1-FAB29E37AAC0}"
EndProject
Global
	GlobalSection(SolutionConfigurationPlatforms) = preSolution
		Debug|Any CPU = Debug|Any CPU
		Release|Any CPU = Release|Any CPU
	EndGlobalSection
	GlobalSection(ProjectConfigurationPlatforms) = postSolution
		{0E53F4AB-2583-409A-B1D1-FAB29E37AAC0}.Debug|Any CPU.ActiveCfg = Debug|Any CPU
		{0E53F4AB-2583-409A-B1D1-FAB29E37AAC0}.Debug|Any CPU.Build.0 = Debug|Any CPU
		{0E53F4AB-2583-409A-B1D1-FAB29E37AAC0}.Release|Any CPU.ActiveCfg = Release|Any CPU
		{0E53F4AB-2583-409A-B1D1-FAB29E37AAC0}.Release|Any CPU.Build.0 = Release|Any CPU
	EndGlobalSection
EndGlobal
